
Microsoft Visual Studio Solution File, Format Version 12.00
# Visual Studio Version 17
VisualStudioVersion = 17.4.33403.182
MinimumVisualStudioVersion = 10.0.40219.1
Project("{FAE04EC0-301F-11D3-BF4B-00C04F79EFBC}") = "lomregn", "lomregn\lomregn.csproj", "{334ECC36-F22F-48CD-9F3B-AB89CE41B821}"
EndProject
Global
	GlobalSection(SolutionConfigurationPlatforms) = preSolution
		Debug|Any CPU = Debug|Any CPU
		Release|Any CPU = Release|Any CPU
	EndGlobalSection
	GlobalSection(ProjectConfigurationPlatforms) = postSolution
		{334ECC36-F22F-48CD-9F3B-AB89CE41B821}.Debug|Any CPU.ActiveCfg = Debug|Any CPU
		{334ECC36-F22F-48CD-9F3B-AB89CE41B821}.Debug|Any CPU.Build.0 = Debug|Any CPU
		{334ECC36-F22F-48CD-9F3B-AB89CE41B821}.Release|Any CPU.ActiveCfg = Release|Any CPU
		{334ECC36-F22F-48CD-9F3B-AB89CE41B821}.Release|Any CPU.Build.0 = Release|Any CPU
	EndGlobalSection
	GlobalSection(SolutionProperties) = preSolution
		HideSolutionNode = FALSE
	EndGlobalSection
	GlobalSection(ExtensibilityGlobals) = postSolution
		SolutionGuid = {E31B2F1C-8BB2-43FE-B021-9036108D9055}
	EndGlobalSection
EndGlobal
